
Microsoft Visual Studio Solution File, Format Version 12.00
# Visual Studio Version 17
VisualStudioVersion = 17.4.33205.214
MinimumVisualStudioVersion = 10.0.40219.1
Project("{FAE04EC0-301F-11D3-BF4B-00C04F79EFBC}") = "BinarySearchTree__025", "BinarySearchTree__025\BinarySearchTree__025.csproj", "{F94794D6-A390-44E3-8FDE-6BF7FCF8310C}"
EndProject
Global
	GlobalSection(SolutionConfigurationPlatforms) = preSolution
		Debug|Any CPU = Debug|Any CPU
		Release|Any CPU = Release|Any CPU
	EndGlobalSection
	GlobalSection(ProjectConfigurationPlatforms) = postSolution
		{F94794D6-A390-44E3-8FDE-6BF7FCF8310C}.Debug|Any CPU.ActiveCfg = Debug|Any CPU
		{F94794D6-A390-44E3-8FDE-6BF7FCF8310C}.Debug|Any CPU.Build.0 = Debug|Any CPU
		{F94794D6-A390-44E3-8FDE-6BF7FCF8310C}.Release|Any CPU.ActiveCfg = Release|Any CPU
		{F94794D6-A390-44E3-8FDE-6BF7FCF8310C}.Release|Any CPU.Build.0 = Release|Any CPU
	EndGlobalSection
	GlobalSection(SolutionProperties) = preSolution
		HideSolutionNode = FALSE
	EndGlobalSection
	GlobalSection(ExtensibilityGlobals) = postSolution
		SolutionGuid = {E8BB5732-BF48-4EC8-A1C2-F3D37D54C61A}
	EndGlobalSection
EndGlobal
